
Microsoft Visual Studio Solution File, Format Version 12.00
# Visual Studio Version 17
VisualStudioVersion = 17.0.32112.339
MinimumVisualStudioVersion = 10.0.40219.1
Project("{FAE04EC0-301F-11D3-BF4B-00C04F79EFBC}") = "Desafio de codigo DIO - Soma de Pares Consecutivos", "Desafio de codigo DIO - Soma de Pares Consecutivos\Desafio de codigo DIO - Soma de Pares Consecutivos.csproj", "{34DE93CA-0B5D-4C1D-BD51-DDFE17431FB2}"
EndProject
Global
	GlobalSection(SolutionConfigurationPlatforms) = preSolution
		Debug|Any CPU = Debug|Any CPU
		Release|Any CPU = Release|Any CPU
	EndGlobalSection
	GlobalSection(ProjectConfigurationPlatforms) = postSolution
		{34DE93CA-0B5D-4C1D-BD51-DDFE17431FB2}.Debug|Any CPU.ActiveCfg = Debug|Any CPU
		{34DE93CA-0B5D-4C1D-BD51-DDFE17431FB2}.Debug|Any CPU.Build.0 = Debug|Any CPU
		{34DE93CA-0B5D-4C1D-BD51-DDFE17431FB2}.Release|Any CPU.ActiveCfg = Release|Any CPU
		{34DE93CA-0B5D-4C1D-BD51-DDFE17431FB2}.Release|Any CPU.Build.0 = Release|Any CPU
	EndGlobalSection
	GlobalSection(SolutionProperties) = preSolution
		HideSolutionNode = FALSE
	EndGlobalSection
	GlobalSection(ExtensibilityGlobals) = postSolution
		SolutionGuid = {B205BB1D-0FE8-498F-B15D-5DB9F252B947}
	EndGlobalSection
EndGlobal
